// !$*UTF8*$!
{
	archiveVersion = 1;
	classes = {
	};
	objectVersion = 55;
	objects = {

/* Begin PBXBuildFile section */
		415DAE4F2848718B007791E6 /* BankingAppApp.swift in Sources */ = {isa = PBXBuildFile; fileRef = 415DAE4E2848718B007791E6 /* BankingAppApp.swift */; };
		415DAE512848718B007791E6 /* ContentView.swift in Sources */ = {isa = PBXBuildFile; fileRef = 415DAE502848718B007791E6 /* ContentView.swift */; };
		415DAE532848718C007791E6 /* Assets.xcassets in Resources */ = {isa = PBXBuildFile; fileRef = 415DAE522848718C007791E6 /* Assets.xcassets */; };
		415DAE562848718C007791E6 /* Preview Assets.xcassets in Resources */ = {isa = PBXBuildFile; fileRef = 415DAE552848718C007791E6 /* Preview Assets.xcassets */; };
		415DAE63284872B9007791E6 /* Double+Extensions.swift in Sources */ = {isa = PBXBuildFile; fileRef = 415DAE62284872B9007791E6 /* Double+Extensions.swift */; };
		415DAE66284872C6007791E6 /* View+Extensions.swift in Sources */ = {isa = PBXBuildFile; fileRef = 415DAE64284872C6007791E6 /* View+Extensions.swift */; };
		415DAE67284872C6007791E6 /* URL+Extensions.swift in Sources */ = {isa = PBXBuildFile; fileRef = 415DAE65284872C6007791E6 /* URL+Extensions.swift */; };
		415DAE692848754D007791E6 /* Account.swift in Sources */ = {isa = PBXBuildFile; fileRef = 415DAE682848754D007791E6 /* Account.swift */; };
		4164536C2849E6960023719D /* AccountSummaryScreen.swift in Sources */ = {isa = PBXBuildFile; fileRef = 4164536B2849E6960023719D /* AccountSummaryScreen.swift */; };
		4164536E2849EBC10023719D /* AccountListView.swift in Sources */ = {isa = PBXBuildFile; fileRef = 4164536D2849EBC10023719D /* AccountListView.swift */; };
		416DAD9E2848A9B40018C8D8 /* AccountService.swift in Sources */ = {isa = PBXBuildFile; fileRef = 416DAD9D2848A9B40018C8D8 /* AccountService.swift */; };
		41829B1D2849BD84007415DC /* AccountSummaryViewModel.swift in Sources */ = {isa = PBXBuildFile; fileRef = 41829B1C2849BD84007415DC /* AccountSummaryViewModel.swift */; };
/* End PBXBuildFile section */

/* Begin PBXFileReference section */
		415DAE4B2848718B007791E6 /* BankingApp.app */ = {isa = PBXFileReference; explicitFileType = wrapper.application; includeInIndex = 0; path = BankingApp.app; sourceTree = BUILT_PRODUCTS_DIR; };
		415DAE4E2848718B007791E6 /* BankingAppApp.swift */ = {isa = PBXFileReference; lastKnownFileType = sourcecode.swift; path = BankingAppApp.swift; sourceTree = "<group>"; };
		415DAE502848718B007791E6 /* ContentView.swift */ = {isa = PBXFileReference; lastKnownFileType = sourcecode.swift; path = ContentView.swift; sourceTree = "<group>"; };
		415DAE522848718C007791E6 /* Assets.xcassets */ = {isa = PBXFileReference; lastKnownFileType = folder.assetcatalog; path = Assets.xcassets; sourceTree = "<group>"; };
		415DAE552848718C007791E6 /* Preview Assets.xcassets */ = {isa = PBXFileReference; lastKnownFileType = folder.assetcatalog; path = "Preview Assets.xcassets"; sourceTree = "<group>"; };
		415DAE62284872B9007791E6 /* Double+Extensions.swift */ = {isa = PBXFileReference; fileEncoding = 4; lastKnownFileType = sourcecode.swift; path = "Double+Extensions.swift"; sourceTree = "<group>"; };
		415DAE64284872C6007791E6 /* View+Extensions.swift */ = {isa = PBXFileReference; fileEncoding = 4; lastKnownFileType = sourcecode.swift; path = "View+Extensions.swift"; sourceTree = "<group>"; };
		415DAE65284872C6007791E6 /* URL+Extensions.swift */ = {isa = PBXFileReference; fileEncoding = 4; lastKnownFileType = sourcecode.swift; path = "URL+Extensions.swift"; sourceTree = "<group>"; };
		415DAE682848754D007791E6 /* Account.swift */ = {isa = PBXFileReference; lastKnownFileType = sourcecode.swift; path = Account.swift; sourceTree = "<group>"; };
		4164536B2849E6960023719D /* AccountSummaryScreen.swift */ = {isa = PBXFileReference; lastKnownFileType = sourcecode.swift; path = AccountSummaryScreen.swift; sourceTree = "<group>"; };
		4164536D2849EBC10023719D /* AccountListView.swift */ = {isa = PBXFileReference; lastKnownFileType = sourcecode.swift; path = AccountListView.swift; sourceTree = "<group>"; };
		416DAD9D2848A9B40018C8D8 /* AccountService.swift */ = {isa = PBXFileReference; lastKnownFileType = sourcecode.swift; path = AccountService.swift; sourceTree = "<group>"; };
		41829B1C2849BD84007415DC /* AccountSummaryViewModel.swift */ = {isa = PBXFileReference; lastKnownFileType = sourcecode.swift; path = AccountSummaryViewModel.swift; sourceTree = "<group>"; };
/* End PBXFileReference section */

/* Begin PBXFrameworksBuildPhase section */
		415DAE482848718B007791E6 /* Frameworks */ = {
			isa = PBXFrameworksBuildPhase;
			buildActionMask = 2147483647;
			files = (
			);
			runOnlyForDeploymentPostprocessing = 0;
		};
/* End PBXFrameworksBuildPhase section */

/* Begin PBXGroup section */
		415DAE422848718B007791E6 = {
			isa = PBXGroup;
			children = (
				415DAE4D2848718B007791E6 /* BankingApp */,
				415DAE4C2848718B007791E6 /* Products */,
			);
			sourceTree = "<group>";
		};
		415DAE4C2848718B007791E6 /* Products */ = {
			isa = PBXGroup;
			children = (
				415DAE4B2848718B007791E6 /* BankingApp.app */,
			);
			name = Products;
			sourceTree = "<group>";
		};
		415DAE4D2848718B007791E6 /* BankingApp */ = {
			isa = PBXGroup;
			children = (
				415DAE6128487280007791E6 /* ViewModels */,
				415DAE6028487278007791E6 /* Views */,
				415DAE5F28487249007791E6 /* Services */,
				415DAE5E2848723F007791E6 /* Screens */,
				415DAE5D28487233007791E6 /* Models */,
				415DAE5C284871B2007791E6 /* Extensions */,
				415DAE4E2848718B007791E6 /* BankingAppApp.swift */,
				415DAE502848718B007791E6 /* ContentView.swift */,
				415DAE522848718C007791E6 /* Assets.xcassets */,
				415DAE542848718C007791E6 /* Preview Content */,
			);
			path = BankingApp;
			sourceTree = "<group>";
		};
		415DAE542848718C007791E6 /* Preview Content */ = {
			isa = PBXGroup;
			children = (
				415DAE552848718C007791E6 /* Preview Assets.xcassets */,
			);
			path = "Preview Content";
			sourceTree = "<group>";
		};
		415DAE5C284871B2007791E6 /* Extensions */ = {
			isa = PBXGroup;
			children = (
				415DAE62284872B9007791E6 /* Double+Extensions.swift */,
				415DAE65284872C6007791E6 /* URL+Extensions.swift */,
				415DAE64284872C6007791E6 /* View+Extensions.swift */,
			);
			path = Extensions;
			sourceTree = "<group>";
		};
		415DAE5D28487233007791E6 /* Models */ = {
			isa = PBXGroup;
			children = (
				415DAE682848754D007791E6 /* Account.swift */,
			);
			path = Models;
			sourceTree = "<group>";
		};
		415DAE5E2848723F007791E6 /* Screens */ = {
			isa = PBXGroup;
			children = (
				4164536B2849E6960023719D /* AccountSummaryScreen.swift */,
			);
			path = Screens;
			sourceTree = "<group>";
		};
		415DAE5F28487249007791E6 /* Services */ = {
			isa = PBXGroup;
			children = (
				416DAD9D2848A9B40018C8D8 /* AccountService.swift */,
			);
			path = Services;
			sourceTree = "<group>";
		};
		415DAE6028487278007791E6 /* Views */ = {
			isa = PBXGroup;
			children = (
				4164536D2849EBC10023719D /* AccountListView.swift */,
			);
			path = Views;
			sourceTree = "<group>";
		};
		415DAE6128487280007791E6 /* ViewModels */ = {
			isa = PBXGroup;
			children = (
				41829B1C2849BD84007415DC /* AccountSummaryViewModel.swift */,
			);
			path = ViewModels;
			sourceTree = "<group>";
		};
/* End PBXGroup section */

/* Begin PBXNativeTarget section */
		415DAE4A2848718B007791E6 /* BankingApp */ = {
			isa = PBXNativeTarget;
			buildConfigurationList = 415DAE592848718C007791E6 /* Build configuration list for PBXNativeTarget "BankingApp" */;
			buildPhases = (
				415DAE472848718B007791E6 /* Sources */,
				415DAE482848718B007791E6 /* Frameworks */,
				415DAE492848718B007791E6 /* Resources */,
			);
			buildRules = (
			);
			dependencies = (
			);
			name = BankingApp;
			productName = BankingApp;
			productReference = 415DAE4B2848718B007791E6 /* BankingApp.app */;
			productType = "com.apple.product-type.application";
		};
/* End PBXNativeTarget section */

/* Begin PBXProject section */
		415DAE432848718B007791E6 /* Project object */ = {
			isa = PBXProject;
			attributes = {
				BuildIndependentTargetsInParallel = 1;
				LastSwiftUpdateCheck = 1330;
				LastUpgradeCheck = 1330;
				TargetAttributes = {
					415DAE4A2848718B007791E6 = {
						CreatedOnToolsVersion = 13.3;
					};
				};
			};
			buildConfigurationList = 415DAE462848718B007791E6 /* Build configuration list for PBXProject "BankingApp" */;
			compatibilityVersion = "Xcode 13.0";
			developmentRegion = en;
			hasScannedForEncodings = 0;
			knownRegions = (
				en,
				Base,
			);
			mainGroup = 415DAE422848718B007791E6;
			productRefGroup = 415DAE4C2848718B007791E6 /* Products */;
			projectDirPath = "";
			projectRoot = "";
			targets = (
				415DAE4A2848718B007791E6 /* BankingApp */,
			);
		};
/* End PBXProject section */

/* Begin PBXResourcesBuildPhase section */
		415DAE492848718B007791E6 /* Resources */ = {
			isa = PBXResourcesBuildPhase;
			buildActionMask = 2147483647;
			files = (
				415DAE562848718C007791E6 /* Preview Assets.xcassets in Resources */,
				415DAE532848718C007791E6 /* Assets.xcassets in Resources */,
			);
			runOnlyForDeploymentPostprocessing = 0;
		};
/* End PBXResourcesBuildPhase section */

/* Begin PBXSourcesBuildPhase section */
		415DAE472848718B007791E6 /* Sources */ = {
			isa = PBXSourcesBuildPhase;
			buildActionMask = 2147483647;
			files = (
				4164536C2849E6960023719D /* AccountSummaryScreen.swift in Sources */,
				415DAE63284872B9007791E6 /* Double+Extensions.swift in Sources */,
				415DAE512848718B007791E6 /* ContentView.swift in Sources */,
				415DAE67284872C6007791E6 /* URL+Extensions.swift in Sources */,
				4164536E2849EBC10023719D /* AccountListView.swift in Sources */,
				415DAE66284872C6007791E6 /* View+Extensions.swift in Sources */,
				416DAD9E2848A9B40018C8D8 /* AccountService.swift in Sources */,
				415DAE4F2848718B007791E6 /* BankingAppApp.swift in Sources */,
				415DAE692848754D007791E6 /* Account.swift in Sources */,
				41829B1D2849BD84007415DC /* AccountSummaryViewModel.swift in Sources */,
			);
			runOnlyForDeploymentPostprocessing = 0;
		};
/* End PBXSourcesBuildPhase section */

/* Begin XCBuildConfiguration section */
		415DAE572848718C007791E6 /* Debug */ = {
			isa = XCBuildConfiguration;
			buildSettings = {
				ALWAYS_SEARCH_USER_PATHS = NO;
				CLANG_ANALYZER_NONNULL = YES;
				CLANG_ANALYZER_NUMBER_OBJECT_CONVERSION = YES_AGGRESSIVE;
				CLANG_CXX_LANGUAGE_STANDARD = "gnu++17";
				CLANG_ENABLE_MODULES = YES;
				CLANG_ENABLE_OBJC_ARC = YES;
				CLANG_ENABLE_OBJC_WEAK = YES;
				CLANG_WARN_BLOCK_CAPTURE_AUTORELEASING = YES;
				CLANG_WARN_BOOL_CONVERSION = YES;
				CLANG_WARN_COMMA = YES;
				CLANG_WARN_CONSTANT_CONVERSION = YES;
				CLANG_WARN_DEPRECATED_OBJC_IMPLEMENTATIONS = YES;
				CLANG_WARN_DIRECT_OBJC_ISA_USAGE = YES_ERROR;
				CLANG_WARN_DOCUMENTATION_COMMENTS = YES;
				CLANG_WARN_EMPTY_BODY = YES;
				CLANG_WARN_ENUM_CONVERSION = YES;
				CLANG_WARN_INFINITE_RECURSION = YES;
				CLANG_WARN_INT_CONVERSION = YES;
				CLANG_WARN_NON_LITERAL_NULL_CONVERSION = YES;
				CLANG_WARN_OBJC_IMPLICIT_RETAIN_SELF = YES;
				CLANG_WARN_OBJC_LITERAL_CONVERSION = YES;
				CLANG_WARN_OBJC_ROOT_CLASS = YES_ERROR;
				CLANG_WARN_QUOTED_INCLUDE_IN_FRAMEWORK_HEADER = YES;
				CLANG_WARN_RANGE_LOOP_ANALYSIS = YES;
				CLANG_WARN_STRICT_PROTOTYPES = YES;
				CLANG_WARN_SUSPICIOUS_MOVE = YES;
				CLANG_WARN_UNGUARDED_AVAILABILITY = YES_AGGRESSIVE;
				CLANG_WARN_UNREACHABLE_CODE = YES;
				CLANG_WARN__DUPLICATE_METHOD_MATCH = YES;
				COPY_PHASE_STRIP = NO;
				DEBUG_INFORMATION_FORMAT = dwarf;
				ENABLE_STRICT_OBJC_MSGSEND = YES;
				ENABLE_TESTABILITY = YES;
				GCC_C_LANGUAGE_STANDARD = gnu11;
				GCC_DYNAMIC_NO_PIC = NO;
				GCC_NO_COMMON_BLOCKS = YES;
				GCC_OPTIMIZATION_LEVEL = 0;
				GCC_PREPROCESSOR_DEFINITIONS = (
					"DEBUG=1",
					"$(inherited)",
				);
				GCC_WARN_64_TO_32_BIT_CONVERSION = YES;
				GCC_WARN_ABOUT_RETURN_TYPE = YES_ERROR;
				GCC_WARN_UNDECLARED_SELECTOR = YES;
				GCC_WARN_UNINITIALIZED_AUTOS = YES_AGGRESSIVE;
				GCC_WARN_UNUSED_FUNCTION = YES;
				GCC_WARN_UNUSED_VARIABLE = YES;
				IPHONEOS_DEPLOYMENT_TARGET = 15.4;
				MTL_ENABLE_DEBUG_INFO = INCLUDE_SOURCE;
				MTL_FAST_MATH = YES;
				ONLY_ACTIVE_ARCH = YES;
				SDKROOT = iphoneos;
				SWIFT_ACTIVE_COMPILATION_CONDITIONS = DEBUG;
				SWIFT_OPTIMIZATION_LEVEL = "-Onone";
			};
			name = Debug;
		};
		415DAE582848718C007791E6 /* Release */ = {
			isa = XCBuildConfiguration;
			buildSettings = {
				ALWAYS_SEARCH_USER_PATHS = NO;
				CLANG_ANALYZER_NONNULL = YES;
				CLANG_ANALYZER_NUMBER_OBJECT_CONVERSION = YES_AGGRESSIVE;
				CLANG_CXX_LANGUAGE_STANDARD = "gnu++17";
				CLANG_ENABLE_MODULES = YES;
				CLANG_ENABLE_OBJC_ARC = YES;
				CLANG_ENABLE_OBJC_WEAK = YES;
				CLANG_WARN_BLOCK_CAPTURE_AUTORELEASING = YES;
				CLANG_WARN_BOOL_CONVERSION = YES;
				CLANG_WARN_COMMA = YES;
				CLANG_WARN_CONSTANT_CONVERSION = YES;
				CLANG_WARN_DEPRECATED_OBJC_IMPLEMENTATIONS = YES;
				CLANG_WARN_DIRECT_OBJC_ISA_USAGE = YES_ERROR;
				CLANG_WARN_DOCUMENTATION_COMMENTS = YES;
				CLANG_WARN_EMPTY_BODY = YES;
				CLANG_WARN_ENUM_CONVERSION = YES;
				CLANG_WARN_INFINITE_RECURSION = YES;
				CLANG_WARN_INT_CONVERSION = YES;
				CLANG_WARN_NON_LITERAL_NULL_CONVERSION = YES;
				CLANG_WARN_OBJC_IMPLICIT_RETAIN_SELF = YES;
				CLANG_WARN_OBJC_LITERAL_CONVERSION = YES;
				CLANG_WARN_OBJC_ROOT_CLASS = YES_ERROR;
				CLANG_WARN_QUOTED_INCLUDE_IN_FRAMEWORK_HEADER = YES;
				CLANG_WARN_RANGE_LOOP_ANALYSIS = YES;
				CLANG_WARN_STRICT_PROTOTYPES = YES;
				CLANG_WARN_SUSPICIOUS_MOVE = YES;
				CLANG_WARN_UNGUARDED_AVAILABILITY = YES_AGGRESSIVE;
				CLANG_WARN_UNREACHABLE_CODE = YES;
				CLANG_WARN__DUPLICATE_METHOD_MATCH = YES;
				COPY_PHASE_STRIP = NO;
				DEBUG_INFORMATION_FORMAT = "dwarf-with-dsym";
				ENABLE_NS_ASSERTIONS = NO;
				ENABLE_STRICT_OBJC_MSGSEND = YES;
				GCC_C_LANGUAGE_STANDARD = gnu11;
				GCC_NO_COMMON_BLOCKS = YES;
				GCC_WARN_64_TO_32_BIT_CONVERSION = YES;
				GCC_WARN_ABOUT_RETURN_TYPE = YES_ERROR;
				GCC_WARN_UNDECLARED_SELECTOR = YES;
				GCC_WARN_UNINITIALIZED_AUTOS = YES_AGGRESSIVE;
				GCC_WARN_UNUSED_FUNCTION = YES;
				GCC_WARN_UNUSED_VARIABLE = YES;
				IPHONEOS_DEPLOYMENT_TARGET = 15.4;
				MTL_ENABLE_DEBUG_INFO = NO;
				MTL_FAST_MATH = YES;
				SDKROOT = iphoneos;
				SWIFT_COMPILATION_MODE = wholemodule;
				SWIFT_OPTIMIZATION_LEVEL = "-O";
				VALIDATE_PRODUCT = YES;
			};
			name = Release;
		};
		415DAE5A2848718C007791E6 /* Debug */ = {
			isa = XCBuildConfiguration;
			buildSettings = {
				ASSETCATALOG_COMPILER_APPICON_NAME = AppIcon;
				ASSETCATALOG_COMPILER_GLOBAL_ACCENT_COLOR_NAME = AccentColor;
				CODE_SIGN_STYLE = Automatic;
				CURRENT_PROJECT_VERSION = 1;
				DEVELOPMENT_ASSET_PATHS = "\"BankingApp/Preview Content\"";
				DEVELOPMENT_TEAM = W749SDNNB4;
				ENABLE_PREVIEWS = YES;
				GENERATE_INFOPLIST_FILE = YES;
				INFOPLIST_KEY_UIApplicationSceneManifest_Generation = YES;
				INFOPLIST_KEY_UIApplicationSupportsIndirectInputEvents = YES;
				INFOPLIST_KEY_UILaunchScreen_Generation = YES;
				INFOPLIST_KEY_UISupportedInterfaceOrientations_iPad = "UIInterfaceOrientationPortrait UIInterfaceOrientationPortraitUpsideDown UIInterfaceOrientationLandscapeLeft UIInterfaceOrientationLandscapeRight";
				INFOPLIST_KEY_UISupportedInterfaceOrientations_iPhone = "UIInterfaceOrientationPortrait UIInterfaceOrientationLandscapeLeft UIInterfaceOrientationLandscapeRight";
				LD_RUNPATH_SEARCH_PATHS = (
					"$(inherited)",
					"@executable_path/Frameworks",
				);
				MARKETING_VERSION = 1.0;
				PRODUCT_BUNDLE_IDENTIFIER = com.asad.BankingApp;
				PRODUCT_NAME = "$(TARGET_NAME)";
				SWIFT_EMIT_LOC_STRINGS = YES;
				SWIFT_VERSION = 5.0;
				TARGETED_DEVICE_FAMILY = "1,2";
			};
			name = Debug;
		};
		415DAE5B2848718C007791E6 /* Release */ = {
			isa = XCBuildConfiguration;
			buildSettings = {
				ASSETCATALOG_COMPILER_APPICON_NAME = AppIcon;
				ASSETCATALOG_COMPILER_GLOBAL_ACCENT_COLOR_NAME = AccentColor;
				CODE_SIGN_STYLE = Automatic;
				CURRENT_PROJECT_VERSION = 1;
				DEVELOPMENT_ASSET_PATHS = "\"BankingApp/Preview Content\"";
				DEVELOPMENT_TEAM = W749SDNNB4;
				ENABLE_PREVIEWS = YES;
				GENERATE_INFOPLIST_FILE = YES;
				INFOPLIST_KEY_UIApplicationSceneManifest_Generation = YES;
				INFOPLIST_KEY_UIApplicationSupportsIndirectInputEvents = YES;
				INFOPLIST_KEY_UILaunchScreen_Generation = YES;
				INFOPLIST_KEY_UISupportedInterfaceOrientations_iPad = "UIInterfaceOrientationPortrait UIInterfaceOrientationPortraitUpsideDown UIInterfaceOrientationLandscapeLeft UIInterfaceOrientationLandscapeRight";
				INFOPLIST_KEY_UISupportedInterfaceOrientations_iPhone = "UIInterfaceOrientationPortrait UIInterfaceOrientationLandscapeLeft UIInterfaceOrientationLandscapeRight";
				LD_RUNPATH_SEARCH_PATHS = (
					"$(inherited)",
					"@executable_path/Frameworks",
				);
				MARKETING_VERSION = 1.0;
				PRODUCT_BUNDLE_IDENTIFIER = com.asad.BankingApp;
				PRODUCT_NAME = "$(TARGET_NAME)";
				SWIFT_EMIT_LOC_STRINGS = YES;
				SWIFT_VERSION = 5.0;
				TARGETED_DEVICE_FAMILY = "1,2";
			};
			name = Release;
		};
/* End XCBuildConfiguration section */

/* Begin XCConfigurationList section */
		415DAE462848718B007791E6 /* Build configuration list for PBXProject "BankingApp" */ = {
			isa = XCConfigurationList;
			buildConfigurations = (
				415DAE572848718C007791E6 /* Debug */,
				415DAE582848718C007791E6 /* Release */,
			);
			defaultConfigurationIsVisible = 0;
			defaultConfigurationName = Release;
		};
		415DAE592848718C007791E6 /* Build configuration list for PBXNativeTarget "BankingApp" */ = {
			isa = XCConfigurationList;
			buildConfigurations = (
				415DAE5A2848718C007791E6 /* Debug */,
				415DAE5B2848718C007791E6 /* Release */,
			);
			defaultConfigurationIsVisible = 0;
			defaultConfigurationName = Release;
		};
/* End XCConfigurationList section */
	};
	rootObject = 415DAE432848718B007791E6 /* Project object */;
}
